PODS:
  - TensorFlowPod (0.1.0)

DEPENDENCIES:
  - TensorFlowPod (from `../../TensorFlowPod`)

EXTERNAL SOURCES:
  TensorFlowPod:
    :path: "../../TensorFlowPod"

SPEC CHECKSUMS:
  TensorFlowPod: 1dbad90d8455cd9b8fa02cb157fff5aadd4e04d8

PODFILE CHECKSUM: 1786c541800fcc2b1b5a291b1b298afdf6731ee0

COCOAPODS: 1.0.1
