PODS:
  - TensorFlowPod (0.1.0)

DEPENDENCIES:
  - TensorFlowPod (from `../../../TensorFlowPod`)

EXTERNAL SOURCES:
  TensorFlowPod:
    :path: "../../../TensorFlowPod"

SPEC CHECKSUMS:
  TensorFlowPod: e3f1492ef1a1c30eafab165a93bcb220cf36f600

PODFILE CHECKSUM: 8fab83b03d89be47d10a5a4ae7834203091ad365

COCOAPODS: 1.0.1
